
Microsoft Visual Studio Solution File, Format Version 12.00
# Visual Studio Express 2012 for Windows Desktop
Project("{FAE04EC0-301F-11D3-BF4B-00C04F79EFBC}") = "AlgorithmsAndDataStructs", "AlgorithmsAndDataStructs\AlgorithmsAndDataStructs.csproj", "{3643907E-F8AF-4205-BF2B-BD5366D141EE}"
EndProject
Project("{FAE04EC0-301F-11D3-BF4B-00C04F79EFBC}") = "Tests", "Tests\Tests.csproj", "{FC1F74E1-8181-4FBA-A437-086482FACA72}"
EndProject
Project("{FAE04EC0-301F-11D3-BF4B-00C04F79EFBC}") = "DesignPatterns", "DesignPatterns\DesignPatterns.csproj", "{BA559B4D-4524-4610-B98C-C4F1D43EA130}"
EndProject
Global
	GlobalSection(SolutionConfigurationPlatforms) = preSolution
		Debug|Any CPU = Debug|Any CPU
		Release|Any CPU = Release|Any CPU
	EndGlobalSection
	GlobalSection(ProjectConfigurationPlatforms) = postSolution
		{3643907E-F8AF-4205-BF2B-BD5366D141EE}.Debug|Any CPU.ActiveCfg = Debug|Any CPU
		{3643907E-F8AF-4205-BF2B-BD5366D141EE}.Debug|Any CPU.Build.0 = Debug|Any CPU
		{3643907E-F8AF-4205-BF2B-BD5366D141EE}.Release|Any CPU.ActiveCfg = Release|Any CPU
		{3643907E-F8AF-4205-BF2B-BD5366D141EE}.Release|Any CPU.Build.0 = Release|Any CPU
		{FC1F74E1-8181-4FBA-A437-086482FACA72}.Debug|Any CPU.ActiveCfg = Debug|Any CPU
		{FC1F74E1-8181-4FBA-A437-086482FACA72}.Debug|Any CPU.Build.0 = Debug|Any CPU
		{FC1F74E1-8181-4FBA-A437-086482FACA72}.Release|Any CPU.ActiveCfg = Release|Any CPU
		{FC1F74E1-8181-4FBA-A437-086482FACA72}.Release|Any CPU.Build.0 = Release|Any CPU
		{BA559B4D-4524-4610-B98C-C4F1D43EA130}.Debug|Any CPU.ActiveCfg = Debug|Any CPU
		{BA559B4D-4524-4610-B98C-C4F1D43EA130}.Debug|Any CPU.Build.0 = Debug|Any CPU
		{BA559B4D-4524-4610-B98C-C4F1D43EA130}.Release|Any CPU.ActiveCfg = Release|Any CPU
		{BA559B4D-4524-4610-B98C-C4F1D43EA130}.Release|Any CPU.Build.0 = Release|Any CPU
	EndGlobalSection
	GlobalSection(SolutionProperties) = preSolution
		HideSolutionNode = FALSE
	EndGlobalSection
EndGlobal
