
Microsoft Visual Studio Solution File, Format Version 12.00
# Visual Studio Express 2012 for Web
Project("{FAE04EC0-301F-11D3-BF4B-00C04F79EFBC}") = "TimeTrackr", "TimeTrackr\TimeTrackr.csproj", "{BDA4FA74-8DFE-4F12-99CC-A6255C06BC4F}"
EndProject
Project("{FAE04EC0-301F-11D3-BF4B-00C04F79EFBC}") = "TimeTrackr.Tests", "TimeTrackr.Tests\TimeTrackr.Tests.csproj", "{730C7A53-8882-4C7A-969D-A64F9EEC167F}"
EndProject
Global
	GlobalSection(SolutionConfigurationPlatforms) = preSolution
		Debug|Any CPU = Debug|Any CPU
		Release|Any CPU = Release|Any CPU
	EndGlobalSection
	GlobalSection(ProjectConfigurationPlatforms) = postSolution
		{BDA4FA74-8DFE-4F12-99CC-A6255C06BC4F}.Debug|Any CPU.ActiveCfg = Debug|Any CPU
		{BDA4FA74-8DFE-4F12-99CC-A6255C06BC4F}.Debug|Any CPU.Build.0 = Debug|Any CPU
		{BDA4FA74-8DFE-4F12-99CC-A6255C06BC4F}.Release|Any CPU.ActiveCfg = Release|Any CPU
		{BDA4FA74-8DFE-4F12-99CC-A6255C06BC4F}.Release|Any CPU.Build.0 = Release|Any CPU
		{730C7A53-8882-4C7A-969D-A64F9EEC167F}.Debug|Any CPU.ActiveCfg = Debug|Any CPU
		{730C7A53-8882-4C7A-969D-A64F9EEC167F}.Debug|Any CPU.Build.0 = Debug|Any CPU
		{730C7A53-8882-4C7A-969D-A64F9EEC167F}.Release|Any CPU.ActiveCfg = Release|Any CPU
		{730C7A53-8882-4C7A-969D-A64F9EEC167F}.Release|Any CPU.Build.0 = Release|Any CPU
	EndGlobalSection
	GlobalSection(SolutionProperties) = preSolution
		HideSolutionNode = FALSE
	EndGlobalSection
EndGlobal
